
Microsoft Visual Studio Solution File, Format Version 12.00
# Visual Studio Version 17
VisualStudioVersion = 17.3.32728.150
MinimumVisualStudioVersion = 10.0.40219.1
Project("{9A19103F-16F7-4668-BE54-9A1E7A4F7556}") = "QuickstartSample", "src\QuickstartSample.csproj", "{80A673DE-6008-46EF-B3F8-CADA2E957993}"
EndProject
Global
	GlobalSection(SolutionConfigurationPlatforms) = preSolution
		Debug|Any CPU = Debug|Any CPU
	EndGlobalSection
	GlobalSection(ProjectConfigurationPlatforms) = postSolution
		{80A673DE-6008-46EF-B3F8-CADA2E957993}.Debug|Any CPU.ActiveCfg = Debug|Any CPU
		{80A673DE-6008-46EF-B3F8-CADA2E957993}.Debug|Any CPU.Build.0 = Debug|Any CPU
	EndGlobalSection
	GlobalSection(SolutionProperties) = preSolution
		HideSolutionNode = FALSE
	EndGlobalSection
	GlobalSection(ExtensibilityGlobals) = postSolution
		SolutionGuid = {A25EBAD2-F3AA-4E73-A873-955048CF1DA2}
	EndGlobalSection
EndGlobal
